
Microsoft Visual Studio Solution File, Format Version 12.00
# Visual Studio Version 17
VisualStudioVersion = 17.0.32112.339
MinimumVisualStudioVersion = 10.0.40219.1
Project("{9A19103F-16F7-4668-BE54-9A1E7A4F7556}") = "Exercicio1.ConsoleApp", "Exercicio1.ConsoleApp\Exercicio1.ConsoleApp.csproj", "{32A4E7DD-E82A-4A4B-9202-67CA5CBCDDCD}"
EndProject
Project("{FAE04EC0-301F-11D3-BF4B-00C04F79EFBC}") = "Exercicio2.ConsoleApp", "Exercicio2.ConsoleApp\Exercicio2.ConsoleApp.csproj", "{95B51309-02CD-4596-8795-E6B5813C5DF3}"
EndProject
Project("{FAE04EC0-301F-11D3-BF4B-00C04F79EFBC}") = "Exercicio3.ConsoleApp", "Exercicio3.ConsoleApp\Exercicio3.ConsoleApp.csproj", "{9822DD1B-EF2A-40EA-8126-1E036549A7EC}"
EndProject
Project("{FAE04EC0-301F-11D3-BF4B-00C04F79EFBC}") = "Exercicio4.ConsoleApp", "Exercicio4.ConsoleApp\Exercicio4.ConsoleApp.csproj", "{8DD5A22B-4D3F-4631-BDA1-09FDEE04CD48}"
EndProject
Project("{FAE04EC0-301F-11D3-BF4B-00C04F79EFBC}") = "Exercicio5.ConsoleApp", "Exercicio5.ConsoleApp\Exercicio5.ConsoleApp.csproj", "{8FEB19AF-05CF-46A4-BA60-90DC4DE6B930}"
EndProject
Global
	GlobalSection(SolutionConfigurationPlatforms) = preSolution
		Debug|Any CPU = Debug|Any CPU
		Release|Any CPU = Release|Any CPU
	EndGlobalSection
	GlobalSection(ProjectConfigurationPlatforms) = postSolution
		{32A4E7DD-E82A-4A4B-9202-67CA5CBCDDCD}.Debug|Any CPU.ActiveCfg = Debug|Any CPU
		{32A4E7DD-E82A-4A4B-9202-67CA5CBCDDCD}.Debug|Any CPU.Build.0 = Debug|Any CPU
		{32A4E7DD-E82A-4A4B-9202-67CA5CBCDDCD}.Release|Any CPU.ActiveCfg = Release|Any CPU
		{32A4E7DD-E82A-4A4B-9202-67CA5CBCDDCD}.Release|Any CPU.Build.0 = Release|Any CPU
		{95B51309-02CD-4596-8795-E6B5813C5DF3}.Debug|Any CPU.ActiveCfg = Debug|Any CPU
		{95B51309-02CD-4596-8795-E6B5813C5DF3}.Debug|Any CPU.Build.0 = Debug|Any CPU
		{95B51309-02CD-4596-8795-E6B5813C5DF3}.Release|Any CPU.ActiveCfg = Release|Any CPU
		{95B51309-02CD-4596-8795-E6B5813C5DF3}.Release|Any CPU.Build.0 = Release|Any CPU
		{9822DD1B-EF2A-40EA-8126-1E036549A7EC}.Debug|Any CPU.ActiveCfg = Debug|Any CPU
		{9822DD1B-EF2A-40EA-8126-1E036549A7EC}.Debug|Any CPU.Build.0 = Debug|Any CPU
		{9822DD1B-EF2A-40EA-8126-1E036549A7EC}.Release|Any CPU.ActiveCfg = Release|Any CPU
		{9822DD1B-EF2A-40EA-8126-1E036549A7EC}.Release|Any CPU.Build.0 = Release|Any CPU
		{8DD5A22B-4D3F-4631-BDA1-09FDEE04CD48}.Debug|Any CPU.ActiveCfg = Debug|Any CPU
		{8DD5A22B-4D3F-4631-BDA1-09FDEE04CD48}.Debug|Any CPU.Build.0 = Debug|Any CPU
		{8DD5A22B-4D3F-4631-BDA1-09FDEE04CD48}.Release|Any CPU.ActiveCfg = Release|Any CPU
		{8DD5A22B-4D3F-4631-BDA1-09FDEE04CD48}.Release|Any CPU.Build.0 = Release|Any CPU
		{8FEB19AF-05CF-46A4-BA60-90DC4DE6B930}.Debug|Any CPU.ActiveCfg = Debug|Any CPU
		{8FEB19AF-05CF-46A4-BA60-90DC4DE6B930}.Debug|Any CPU.Build.0 = Debug|Any CPU
		{8FEB19AF-05CF-46A4-BA60-90DC4DE6B930}.Release|Any CPU.ActiveCfg = Release|Any CPU
		{8FEB19AF-05CF-46A4-BA60-90DC4DE6B930}.Release|Any CPU.Build.0 = Release|Any CPU
	EndGlobalSection
	GlobalSection(SolutionProperties) = preSolution
		HideSolutionNode = FALSE
	EndGlobalSection
	GlobalSection(ExtensibilityGlobals) = postSolution
		SolutionGuid = {8A14FED5-1AD5-4585-AD18-602C7017149A}
	EndGlobalSection
EndGlobal
